
Microsoft Visual Studio Solution File, Format Version 12.00
# Visual Studio Version 17
VisualStudioVersion = 17.9.34728.123
MinimumVisualStudioVersion = 10.0.40219.1
Project("{FAE04EC0-301F-11D3-BF4B-00C04F79EFBC}") = "WebApplication13", "WebApplication13\WebApplication13.csproj", "{AC6FA412-4247-4727-A05A-484B37DC88DC}"
EndProject
Project("{2150E333-8FDC-42A3-9474-1A3956D46DE8}") = "DataAccess", "DataAccess", "{39C74292-AE6E-4555-BF03-C38B20244EBD}"
EndProject
Project("{FAE04EC0-301F-11D3-BF4B-00C04F79EFBC}") = "SQLServer", "SQLServer\SQLServer.csproj", "{3B3FC7E2-3398-4CE2-BC19-43D59E7B7E27}"
EndProject
Global
	GlobalSection(SolutionConfigurationPlatforms) = preSolution
		Debug|Any CPU = Debug|Any CPU
		Release|Any CPU = Release|Any CPU
	EndGlobalSection
	GlobalSection(ProjectConfigurationPlatforms) = postSolution
		{AC6FA412-4247-4727-A05A-484B37DC88DC}.Debug|Any CPU.ActiveCfg = Debug|Any CPU
		{AC6FA412-4247-4727-A05A-484B37DC88DC}.Debug|Any CPU.Build.0 = Debug|Any CPU
		{AC6FA412-4247-4727-A05A-484B37DC88DC}.Release|Any CPU.ActiveCfg = Release|Any CPU
		{AC6FA412-4247-4727-A05A-484B37DC88DC}.Release|Any CPU.Build.0 = Release|Any CPU
		{3B3FC7E2-3398-4CE2-BC19-43D59E7B7E27}.Debug|Any CPU.ActiveCfg = Debug|Any CPU
		{3B3FC7E2-3398-4CE2-BC19-43D59E7B7E27}.Debug|Any CPU.Build.0 = Debug|Any CPU
		{3B3FC7E2-3398-4CE2-BC19-43D59E7B7E27}.Release|Any CPU.ActiveCfg = Release|Any CPU
		{3B3FC7E2-3398-4CE2-BC19-43D59E7B7E27}.Release|Any CPU.Build.0 = Release|Any CPU
	EndGlobalSection
	GlobalSection(SolutionProperties) = preSolution
		HideSolutionNode = FALSE
	EndGlobalSection
	GlobalSection(NestedProjects) = preSolution
		{3B3FC7E2-3398-4CE2-BC19-43D59E7B7E27} = {39C74292-AE6E-4555-BF03-C38B20244EBD}
	EndGlobalSection
	GlobalSection(ExtensibilityGlobals) = postSolution
		SolutionGuid = {E44229E4-1357-4546-8FEE-FCE9E9AB63F7}
	EndGlobalSection
EndGlobal
